
Microsoft Visual Studio Solution File, Format Version 12.00
# Visual Studio Version 16
VisualStudioVersion = 16.0.31205.134
MinimumVisualStudioVersion = 10.0.40219.1
Project("{FAE04EC0-301F-11D3-BF4B-00C04F79EFBC}") = "TesisApi", "TesisApi.csproj", "{F6D89337-FB17-4B35-BD50-8064A1B1D3A5}"
EndProject
Global
	GlobalSection(SolutionConfigurationPlatforms) = preSolution
		Debug|Any CPU = Debug|Any CPU
		Release|Any CPU = Release|Any CPU
	EndGlobalSection
	GlobalSection(ProjectConfigurationPlatforms) = postSolution
		{F6D89337-FB17-4B35-BD50-8064A1B1D3A5}.Debug|Any CPU.ActiveCfg = Debug|Any CPU
		{F6D89337-FB17-4B35-BD50-8064A1B1D3A5}.Debug|Any CPU.Build.0 = Debug|Any CPU
		{F6D89337-FB17-4B35-BD50-8064A1B1D3A5}.Release|Any CPU.ActiveCfg = Release|Any CPU
		{F6D89337-FB17-4B35-BD50-8064A1B1D3A5}.Release|Any CPU.Build.0 = Release|Any CPU
	EndGlobalSection
	GlobalSection(SolutionProperties) = preSolution
		HideSolutionNode = FALSE
	EndGlobalSection
	GlobalSection(ExtensibilityGlobals) = postSolution
		SolutionGuid = {AC07A89A-0A3F-41ED-B5C7-6D2FFC0B3901}
	EndGlobalSection
EndGlobal
